
Microsoft Visual Studio Solution File, Format Version 12.00
# Visual Studio Version 17
VisualStudioVersion = 17.9.34728.123
MinimumVisualStudioVersion = 10.0.40219.1
Project("{FAE04EC0-301F-11D3-BF4B-00C04F79EFBC}") = "PropertyWebApi", "PropertyWebApi\PropertyWebApi.csproj", "{D95BA274-9741-421D-8CCB-5CBAE90CC7C6}"
EndProject
Global
	GlobalSection(SolutionConfigurationPlatforms) = preSolution
		Debug|Any CPU = Debug|Any CPU
		Release|Any CPU = Release|Any CPU
	EndGlobalSection
	GlobalSection(ProjectConfigurationPlatforms) = postSolution
		{D95BA274-9741-421D-8CCB-5CBAE90CC7C6}.Debug|Any CPU.ActiveCfg = Debug|Any CPU
		{D95BA274-9741-421D-8CCB-5CBAE90CC7C6}.Debug|Any CPU.Build.0 = Debug|Any CPU
		{D95BA274-9741-421D-8CCB-5CBAE90CC7C6}.Release|Any CPU.ActiveCfg = Release|Any CPU
		{D95BA274-9741-421D-8CCB-5CBAE90CC7C6}.Release|Any CPU.Build.0 = Release|Any CPU
	EndGlobalSection
	GlobalSection(SolutionProperties) = preSolution
		HideSolutionNode = FALSE
	EndGlobalSection
	GlobalSection(ExtensibilityGlobals) = postSolution
		SolutionGuid = {E14F4096-D0FC-4D9E-A6C0-2B7EE468C3F1}
	EndGlobalSection
EndGlobal
